
Microsoft Visual Studio Solution File, Format Version 12.00
# Visual Studio Version 17
VisualStudioVersion = 17.1.32319.34
MinimumVisualStudioVersion = 10.0.40219.1
Project("{FAE04EC0-301F-11D3-BF4B-00C04F79EFBC}") = "mahaLAnd", "mahaLAnd\mahaLAnd.csproj", "{F5442B8F-A5F0-46E2-8E70-CACB440441DE}"
EndProject
Global
	GlobalSection(SolutionConfigurationPlatforms) = preSolution
		Debug|Any CPU = Debug|Any CPU
		Release|Any CPU = Release|Any CPU
	EndGlobalSection
	GlobalSection(ProjectConfigurationPlatforms) = postSolution
		{F5442B8F-A5F0-46E2-8E70-CACB440441DE}.Debug|Any CPU.ActiveCfg = Debug|Any CPU
		{F5442B8F-A5F0-46E2-8E70-CACB440441DE}.Debug|Any CPU.Build.0 = Debug|Any CPU
		{F5442B8F-A5F0-46E2-8E70-CACB440441DE}.Release|Any CPU.ActiveCfg = Release|Any CPU
		{F5442B8F-A5F0-46E2-8E70-CACB440441DE}.Release|Any CPU.Build.0 = Release|Any CPU
	EndGlobalSection
	GlobalSection(SolutionProperties) = preSolution
		HideSolutionNode = FALSE
	EndGlobalSection
	GlobalSection(ExtensibilityGlobals) = postSolution
		SolutionGuid = {6ADE4DB3-17C2-4B0F-968C-5CA4FED17834}
	EndGlobalSection
EndGlobal
